<?xml version="1.0" encoding="utf-8"?>
<Project ToolsVersion="4.0" xmlns="http://schemas.microsoft.com/developer/msbuild/2003">
  <ItemGroup>
    <Filter Include="소스 파일">
      <UniqueIdentifier>{4FC737F1-C7A5-4376-A066-2A32D752A2FF}</UniqueIdentifier>
      <Extensions>cpp;c;cc;cxx;c++;cppm;ixx;def;odl;idl;hpj;bat;asm;asmx</Extensions>
    </Filter>
    <Filter Include="헤더 파일">
      <UniqueIdentifier>{93995380-89BD-4b04-88EB-625FBE52EBFB}</UniqueIdentifier>
      <Extensions>h;hh;hpp;hxx;h++;hm;inl;inc;ipp;xsd</Extensions>
    </Filter>
    <Filter Include="리소스 파일">
      <UniqueIdentifier>{67DA6AB6-F800-4c08-8B7A-83BB121AAD01}</UniqueIdentifier>
      <Extensions>rc;ico;cur;bmp;dlg;rc2;rct;bin;rgs;gif;jpg;jpeg;jpe;resx;tiff;tif;png;wav;mfcribbon-ms</Extensions>
    </Filter>
  </ItemGroup>
  <ItemGroup>
    <ClCompile Include="문자열.cpp">
      <Filter>소스 파일</Filter>
    </ClCompile>
    <ClCompile Include="반복문.cpp">
      <Filter>소스 파일</Filter>
    </ClCompile>
    <ClCompile Include="논리연산자.cpp">
      <Filter>소스 파일</Filter>
    </ClCompile>
    <ClCompile Include="cctype.cpp">
      <Filter>소스 파일</Filter>
    </ClCompile>
    <ClCompile Include="textfile_io.cpp">
      <Filter>소스 파일</Filter>
    </ClCompile>
    <ClCompile Include="Function.cpp">
      <Filter>소스 파일</Filter>
    </ClCompile>
    <ClCompile Include="2차원배열 파라미터.cpp">
      <Filter>소스 파일</Filter>
    </ClCompile>
    <ClCompile Include="함수포인터.cpp">
      <Filter>소스 파일</Filter>
    </ClCompile>
    <ClCompile Include="함수_overloading.cpp">
      <Filter>소스 파일</Filter>
    </ClCompile>
    <ClCompile Include="Inline_함수호출.cpp">
      <Filter>소스 파일</Filter>
    </ClCompile>
    <ClCompile Include="Reference_Var.cpp">
      <Filter>소스 파일</Filter>
    </ClCompile>
    <ClCompile Include="default_parameter.cpp">
      <Filter>소스 파일</Filter>
    </ClCompile>
    <ClCompile Include="OOP.cpp">
      <Filter>소스 파일</Filter>
    </ClCompile>
    <ClCompile Include="Class_member_function.cpp">
      <Filter>소스 파일</Filter>
    </ClCompile>
    <ClCompile Include="PrintData.cpp">
      <Filter>소스 파일</Filter>
    </ClCompile>
    <ClCompile Include="getter_setter.cpp">
      <Filter>소스 파일</Filter>
    </ClCompile>
    <ClCompile Include="Object_as_function_parameter.cpp">
      <Filter>소스 파일</Filter>
    </ClCompile>
    <ClCompile Include="Vector.cpp">
      <Filter>소스 파일</Filter>
    </ClCompile>
    <ClCompile Include="Vector_Opreator.cpp">
      <Filter>소스 파일</Filter>
    </ClCompile>
    <ClCompile Include="STL_Array.cpp">
      <Filter>소스 파일</Filter>
    </ClCompile>
    <ClCompile Include="SFML.cpp">
      <Filter>소스 파일</Filter>
    </ClCompile>
    <ClCompile Include="Pointer.cpp">
      <Filter>소스 파일</Filter>
    </ClCompile>
    <ClCompile Include="Smart_Pointer.cpp">
      <Filter>소스 파일</Filter>
    </ClCompile>
    <ClCompile Include="this_const_pointer.cpp">
      <Filter>소스 파일</Filter>
    </ClCompile>
    <ClCompile Include="destructor.cpp">
      <Filter>소스 파일</Filter>
    </ClCompile>
    <ClCompile Include="call_by_value_reference.cpp">
      <Filter>소스 파일</Filter>
    </ClCompile>
    <ClCompile Include="Copy_constructor_deep_shallow_copy.cpp">
      <Filter>소스 파일</Filter>
    </ClCompile>
    <ClCompile Include="static_variable_function.cpp">
      <Filter>소스 파일</Filter>
    </ClCompile>
    <ClCompile Include="STL_deque.cpp">
      <Filter>소스 파일</Filter>
    </ClCompile>
    <ClCompile Include="STL_list.cpp">
      <Filter>소스 파일</Filter>
    </ClCompile>
    <ClCompile Include="STL_forward_list.cpp">
      <Filter>소스 파일</Filter>
    </ClCompile>
    <ClCompile Include="STL_stack.cpp">
      <Filter>소스 파일</Filter>
    </ClCompile>
    <ClCompile Include="STL_set.cpp">
      <Filter>소스 파일</Filter>
    </ClCompile>
    <ClCompile Include="STL_map.cpp">
      <Filter>소스 파일</Filter>
    </ClCompile>
    <ClCompile Include="STL_map_object.cpp">
      <Filter>소스 파일</Filter>
    </ClCompile>
    <ClCompile Include="STL_find_find_if.cpp">
      <Filter>소스 파일</Filter>
    </ClCompile>
    <ClCompile Include="소스.cpp">
      <Filter>소스 파일</Filter>
    </ClCompile>
  </ItemGroup>
  <ItemGroup>
    <ClInclude Include="PrintData.h">
      <Filter>소스 파일</Filter>
    </ClInclude>
  </ItemGroup>
</Project>